// !$*UTF8*$!
{
	archiveVersion = 1;
	classes = {
	};
	objectVersion = 46;
	objects = {

/* Begin PBXBuildFile section */
		ECA12F821A01201400339073 /* AppDelegate.swift in Sources */ = {isa = PBXBuildFile; fileRef = ECA12F811A01201400339073 /* AppDelegate.swift */; };
		ECA12F841A01201400339073 /* ViewController.swift in Sources */ = {isa = PBXBuildFile; fileRef = ECA12F831A01201400339073 /* ViewController.swift */; };
		ECA12F871A01201400339073 /* Main.storyboard in Resources */ = {isa = PBXBuildFile; fileRef = ECA12F851A01201400339073 /* Main.storyboard */; };
		ECA12F891A01201400339073 /* Images.xcassets in Resources */ = {isa = PBXBuildFile; fileRef = ECA12F881A01201400339073 /* Images.xcassets */; };
		ECA12F8C1A01201400339073 /* LaunchScreen.xib in Resources */ = {isa = PBXBuildFile; fileRef = ECA12F8A1A01201400339073 /* LaunchScreen.xib */; };
		ECA12F981A01201400339073 /* _9RedBalloonsTests.swift in Sources */ = {isa = PBXBuildFile; fileRef = ECA12F971A01201400339073 /* _9RedBalloonsTests.swift */; };
/* End PBXBuildFile section */

/* Begin PBXContainerItemProxy section */
		ECA12F921A01201400339073 /* PBXContainerItemProxy */ = {
			isa = PBXContainerItemProxy;
			containerPortal = ECA12F741A01201400339073 /* Project object */;
			proxyType = 1;
			remoteGlobalIDString = ECA12F7B1A01201400339073;
			remoteInfo = 99RedBalloons;
		};
/* End PBXContainerItemProxy section */

/* Begin PBXFileReference section */
		ECA12F7C1A01201400339073 /* 99RedBalloons.app */ = {isa = PBXFileReference; explicitFileType = wrapper.application; includeInIndex = 0; path = 99RedBalloons.app; sourceTree = BUILT_PRODUCTS_DIR; };
		ECA12F801A01201400339073 /* Info.plist */ = {isa = PBXFileReference; lastKnownFileType = text.plist.xml; path = Info.plist; sourceTree = "<group>"; };
		ECA12F811A01201400339073 /* AppDelegate.swift */ = {isa = PBXFileReference; lastKnownFileType = sourcecode.swift; path = AppDelegate.swift; sourceTree = "<group>"; };
		ECA12F831A01201400339073 /* ViewController.swift */ = {isa = PBXFileReference; lastKnownFileType = sourcecode.swift; path = ViewController.swift; sourceTree = "<group>"; };
		ECA12F861A01201400339073 /* Base */ = {isa = PBXFileReference; lastKnownFileType = file.storyboard; name = Base; path = Base.lproj/Main.storyboard; sourceTree = "<group>"; };
		ECA12F881A01201400339073 /* Images.xcassets */ = {isa = PBXFileReference; lastKnownFileType = folder.assetcatalog; path = Images.xcassets; sourceTree = "<group>"; };
		ECA12F8B1A01201400339073 /* Base */ = {isa = PBXFileReference; lastKnownFileType = file.xib; name = Base; path = Base.lproj/LaunchScreen.xib; sourceTree = "<group>"; };
		ECA12F911A01201400339073 /* 99RedBalloonsTests.xctest */ = {isa = PBXFileReference; explicitFileType = wrapper.cfbundle; includeInIndex = 0; path = 99RedBalloonsTests.xctest; sourceTree = BUILT_PRODUCTS_DIR; };
		ECA12F961A01201400339073 /* Info.plist */ = {isa = PBXFileReference; lastKnownFileType = text.plist.xml; path = Info.plist; sourceTree = "<group>"; };
		ECA12F971A01201400339073 /* _9RedBalloonsTests.swift */ = {isa = PBXFileReference; lastKnownFileType = sourcecode.swift; path = _9RedBalloonsTests.swift; sourceTree = "<group>"; };
/* End PBXFileReference section */

/* Begin PBXFrameworksBuildPhase section */
		ECA12F791A01201400339073 /* Frameworks */ = {
			isa = PBXFrameworksBuildPhase;
			buildActionMask = 2147483647;
			files = (
			);
			runOnlyForDeploymentPostprocessing = 0;
		};
		ECA12F8E1A01201400339073 /* Frameworks */ = {
			isa = PBXFrameworksBuildPhase;
			buildActionMask = 2147483647;
			files = (
			);
			runOnlyForDeploymentPostprocessing = 0;
		};
/* End PBXFrameworksBuildPhase section */

/* Begin PBXGroup section */
		ECA12F731A01201400339073 = {
			isa = PBXGroup;
			children = (
				ECA12F7E1A01201400339073 /* 99RedBalloons */,
				ECA12F941A01201400339073 /* 99RedBalloonsTests */,
				ECA12F7D1A01201400339073 /* Products */,
			);
			sourceTree = "<group>";
		};
		ECA12F7D1A01201400339073 /* Products */ = {
			isa = PBXGroup;
			children = (
				ECA12F7C1A01201400339073 /* 99RedBalloons.app */,
				ECA12F911A01201400339073 /* 99RedBalloonsTests.xctest */,
			);
			name = Products;
			sourceTree = "<group>";
		};
		ECA12F7E1A01201400339073 /* 99RedBalloons */ = {
			isa = PBXGroup;
			children = (
				ECA12F811A01201400339073 /* AppDelegate.swift */,
				ECA12F831A01201400339073 /* ViewController.swift */,
				ECA12F851A01201400339073 /* Main.storyboard */,
				ECA12F881A01201400339073 /* Images.xcassets */,
				ECA12F8A1A01201400339073 /* LaunchScreen.xib */,
				ECA12F7F1A01201400339073 /* Supporting Files */,
			);
			path = 99RedBalloons;
			sourceTree = "<group>";
		};
		ECA12F7F1A01201400339073 /* Supporting Files */ = {
			isa = PBXGroup;
			children = (
				ECA12F801A01201400339073 /* Info.plist */,
			);
			name = "Supporting Files";
			sourceTree = "<group>";
		};
		ECA12F941A01201400339073 /* 99RedBalloonsTests */ = {
			isa = PBXGroup;
			children = (
				ECA12F971A01201400339073 /* _9RedBalloonsTests.swift */,
				ECA12F951A01201400339073 /* Supporting Files */,
			);
			path = 99RedBalloonsTests;
			sourceTree = "<group>";
		};
		ECA12F951A01201400339073 /* Supporting Files */ = {
			isa = PBXGroup;
			children = (
				ECA12F961A01201400339073 /* Info.plist */,
			);
			name = "Supporting Files";
			sourceTree = "<group>";
		};
/* End PBXGroup section */

/* Begin PBXNativeTarget section */
		ECA12F7B1A01201400339073 /* 99RedBalloons */ = {
			isa = PBXNativeTarget;
			buildConfigurationList = ECA12F9B1A01201400339073 /* Build configuration list for PBXNativeTarget "99RedBalloons" */;
			buildPhases = (
				ECA12F781A01201400339073 /* Sources */,
				ECA12F791A01201400339073 /* Frameworks */,
				ECA12F7A1A01201400339073 /* Resources */,
			);
			buildRules = (
			);
			dependencies = (
			);
			name = 99RedBalloons;
			productName = 99RedBalloons;
			productReference = ECA12F7C1A01201400339073 /* 99RedBalloons.app */;
			productType = "com.apple.product-type.application";
		};
		ECA12F901A01201400339073 /* 99RedBalloonsTests */ = {
			isa = PBXNativeTarget;
			buildConfigurationList = ECA12F9E1A01201400339073 /* Build configuration list for PBXNativeTarget "99RedBalloonsTests" */;
			buildPhases = (
				ECA12F8D1A01201400339073 /* Sources */,
				ECA12F8E1A01201400339073 /* Frameworks */,
				ECA12F8F1A01201400339073 /* Resources */,
			);
			buildRules = (
			);
			dependencies = (
				ECA12F931A01201400339073 /* PBXTargetDependency */,
			);
			name = 99RedBalloonsTests;
			productName = 99RedBalloonsTests;
			productReference = ECA12F911A01201400339073 /* 99RedBalloonsTests.xctest */;
			productType = "com.apple.product-type.bundle.unit-test";
		};
/* End PBXNativeTarget section */

/* Begin PBXProject section */
		ECA12F741A01201400339073 /* Project object */ = {
			isa = PBXProject;
			attributes = {
				LastUpgradeCheck = 0610;
				ORGANIZATIONNAME = "Gustavo Cunha";
				TargetAttributes = {
					ECA12F7B1A01201400339073 = {
						CreatedOnToolsVersion = 6.1;
					};
					ECA12F901A01201400339073 = {
						CreatedOnToolsVersion = 6.1;
						TestTargetID = ECA12F7B1A01201400339073;
					};
				};
			};
			buildConfigurationList = ECA12F771A01201400339073 /* Build configuration list for PBXProject "99RedBalloons" */;
			compatibilityVersion = "Xcode 3.2";
			developmentRegion = English;
			hasScannedForEncodings = 0;
			knownRegions = (
				en,
				Base,
			);
			mainGroup = ECA12F731A01201400339073;
			productRefGroup = ECA12F7D1A01201400339073 /* Products */;
			projectDirPath = "";
			projectRoot = "";
			targets = (
				ECA12F7B1A01201400339073 /* 99RedBalloons */,
				ECA12F901A01201400339073 /* 99RedBalloonsTests */,
			);
		};
/* End PBXProject section */

/* Begin PBXResourcesBuildPhase section */
		ECA12F7A1A01201400339073 /* Resources */ = {
			isa = PBXResourcesBuildPhase;
			buildActionMask = 2147483647;
			files = (
				ECA12F871A01201400339073 /* Main.storyboard in Resources */,
				ECA12F8C1A01201400339073 /* LaunchScreen.xib in Resources */,
				ECA12F891A01201400339073 /* Images.xcassets in Resources */,
			);
			runOnlyForDeploymentPostprocessing = 0;
		};
		ECA12F8F1A01201400339073 /* Resources */ = {
			isa = PBXResourcesBuildPhase;
			buildActionMask = 2147483647;
			files = (
			);
			runOnlyForDeploymentPostprocessing = 0;
		};
/* End PBXResourcesBuildPhase section */

/* Begin PBXSourcesBuildPhase section */
		ECA12F781A01201400339073 /* Sources */ = {
			isa = PBXSourcesBuildPhase;
			buildActionMask = 2147483647;
			files = (
				ECA12F841A01201400339073 /* ViewController.swift in Sources */,
				ECA12F821A01201400339073 /* AppDelegate.swift in Sources */,
			);
			runOnlyForDeploymentPostprocessing = 0;
		};
		ECA12F8D1A01201400339073 /* Sources */ = {
			isa = PBXSourcesBuildPhase;
			buildActionMask = 2147483647;
			files = (
				ECA12F981A01201400339073 /* _9RedBalloonsTests.swift in Sources */,
			);
			runOnlyForDeploymentPostprocessing = 0;
		};
/* End PBXSourcesBuildPhase section */

/* Begin PBXTargetDependency section */
		ECA12F931A01201400339073 /* PBXTargetDependency */ = {
			isa = PBXTargetDependency;
			target = ECA12F7B1A01201400339073 /* 99RedBalloons */;
			targetProxy = ECA12F921A01201400339073 /* PBXContainerItemProxy */;
		};
/* End PBXTargetDependency section */

/* Begin PBXVariantGroup section */
		ECA12F851A01201400339073 /* Main.storyboard */ = {
			isa = PBXVariantGroup;
			children = (
				ECA12F861A01201400339073 /* Base */,
			);
			name = Main.storyboard;
			sourceTree = "<group>";
		};
		ECA12F8A1A01201400339073 /* LaunchScreen.xib */ = {
			isa = PBXVariantGroup;
			children = (
				ECA12F8B1A01201400339073 /* Base */,
			);
			name = LaunchScreen.xib;
			sourceTree = "<group>";
		};
/* End PBXVariantGroup section */

/* Begin XCBuildConfiguration section */
		ECA12F991A01201400339073 /* Debug */ = {
			isa = XCBuildConfiguration;
			buildSettings = {
				ALWAYS_SEARCH_USER_PATHS = NO;
				CLANG_CXX_LANGUAGE_STANDARD = "gnu++0x";
				CLANG_CXX_LIBRARY = "libc++";
				CLANG_ENABLE_MODULES = YES;
				CLANG_ENABLE_OBJC_ARC = YES;
				CLANG_WARN_BOOL_CONVERSION = YES;
				CLANG_WARN_CONSTANT_CONVERSION = YES;
				CLANG_WARN_DIRECT_OBJC_ISA_USAGE = YES_ERROR;
				CLANG_WARN_EMPTY_BODY = YES;
				CLANG_WARN_ENUM_CONVERSION = YES;
				CLANG_WARN_INT_CONVERSION = YES;
				CLANG_WARN_OBJC_ROOT_CLASS = YES_ERROR;
				CLANG_WARN_UNREACHABLE_CODE = YES;
				CLANG_WARN__DUPLICATE_METHOD_MATCH = YES;
				"CODE_SIGN_IDENTITY[sdk=iphoneos*]" = "iPhone Developer";
				COPY_PHASE_STRIP = NO;
				ENABLE_STRICT_OBJC_MSGSEND = YES;
				GCC_C_LANGUAGE_STANDARD = gnu99;
				GCC_DYNAMIC_NO_PIC = NO;
				GCC_OPTIMIZATION_LEVEL = 0;
				GCC_PREPROCESSOR_DEFINITIONS = (
					"DEBUG=1",
					"$(inherited)",
				);
				GCC_SYMBOLS_PRIVATE_EXTERN = NO;
				GCC_WARN_64_TO_32_BIT_CONVERSION = YES;
				GCC_WARN_ABOUT_RETURN_TYPE = YES_ERROR;
				GCC_WARN_UNDECLARED_SELECTOR = YES;
				GCC_WARN_UNINITIALIZED_AUTOS = YES_AGGRESSIVE;
				GCC_WARN_UNUSED_FUNCTION = YES;
				GCC_WARN_UNUSED_VARIABLE = YES;
				IPHONEOS_DEPLOYMENT_TARGET = 8.1;
				MTL_ENABLE_DEBUG_INFO = YES;
				ONLY_ACTIVE_ARCH = YES;
				SDKROOT = iphoneos;
				SWIFT_OPTIMIZATION_LEVEL = "-Onone";
			};
			name = Debug;
		};
		ECA12F9A1A01201400339073 /* Release */ = {
			isa = XCBuildConfiguration;
			buildSettings = {
				ALWAYS_SEARCH_USER_PATHS = NO;
				CLANG_CXX_LANGUAGE_STANDARD = "gnu++0x";
				CLANG_CXX_LIBRARY = "libc++";
				CLANG_ENABLE_MODULES = YES;
				CLANG_ENABLE_OBJC_ARC = YES;
				CLANG_WARN_BOOL_CONVERSION = YES;
				CLANG_WARN_CONSTANT_CONVERSION = YES;
				CLANG_WARN_DIRECT_OBJC_ISA_USAGE = YES_ERROR;
				CLANG_WARN_EMPTY_BODY = YES;
				CLANG_WARN_ENUM_CONVERSION = YES;
				CLANG_WARN_INT_CONVERSION = YES;
				CLANG_WARN_OBJC_ROOT_CLASS = YES_ERROR;
				CLANG_WARN_UNREACHABLE_CODE = YES;
				CLANG_WARN__DUPLICATE_METHOD_MATCH = YES;
				"CODE_SIGN_IDENTITY[sdk=iphoneos*]" = "iPhone Developer";
				COPY_PHASE_STRIP = YES;
				ENABLE_NS_ASSERTIONS = NO;
				ENABLE_STRICT_OBJC_MSGSEND = YES;
				GCC_C_LANGUAGE_STANDARD = gnu99;
				GCC_WARN_64_TO_32_BIT_CONVERSION = YES;
				GCC_WARN_ABOUT_RETURN_TYPE = YES_ERROR;
				GCC_WARN_UNDECLARED_SELECTOR = YES;
				GCC_WARN_UNINITIALIZED_AUTOS = YES_AGGRESSIVE;
				GCC_WARN_UNUSED_FUNCTION = YES;
				GCC_WARN_UNUSED_VARIABLE = YES;
				IPHONEOS_DEPLOYMENT_TARGET = 8.1;
				MTL_ENABLE_DEBUG_INFO = NO;
				SDKROOT = iphoneos;
				VALIDATE_PRODUCT = YES;
			};
			name = Release;
		};
		ECA12F9C1A01201400339073 /* Debug */ = {
			isa = XCBuildConfiguration;
			buildSettings = {
				ASSETCATALOG_COMPILER_APPICON_NAME = AppIcon;
				INFOPLIST_FILE = 99RedBalloons/Info.plist;
				LD_RUNPATH_SEARCH_PATHS = "$(inherited) @executable_path/Frameworks";
				PRODUCT_NAME = "$(TARGET_NAME)";
			};
			name = Debug;
		};
		ECA12F9D1A01201400339073 /* Release */ = {
			isa = XCBuildConfiguration;
			buildSettings = {
				ASSETCATALOG_COMPILER_APPICON_NAME = AppIcon;
				INFOPLIST_FILE = 99RedBalloons/Info.plist;
				LD_RUNPATH_SEARCH_PATHS = "$(inherited) @executable_path/Frameworks";
				PRODUCT_NAME = "$(TARGET_NAME)";
			};
			name = Release;
		};
		ECA12F9F1A01201400339073 /* Debug */ = {
			isa = XCBuildConfiguration;
			buildSettings = {
				BUNDLE_LOADER = "$(TEST_HOST)";
				FRAMEWORK_SEARCH_PATHS = (
					"$(SDKROOT)/Developer/Library/Frameworks",
					"$(inherited)",
				);
				GCC_PREPROCESSOR_DEFINITIONS = (
					"DEBUG=1",
					"$(inherited)",
				);
				INFOPLIST_FILE = 99RedBalloonsTests/Info.plist;
				LD_RUNPATH_SEARCH_PATHS = "$(inherited) @executable_path/Frameworks @loader_path/Frameworks";
				PRODUCT_NAME = "$(TARGET_NAME)";
				TEST_HOST = "$(BUILT_PRODUCTS_DIR)/99RedBalloons.app/99RedBalloons";
			};
			name = Debug;
		};
		ECA12FA01A01201400339073 /* Release */ = {
			isa = XCBuildConfiguration;
			buildSettings = {
				BUNDLE_LOADER = "$(TEST_HOST)";
				FRAMEWORK_SEARCH_PATHS = (
					"$(SDKROOT)/Developer/Library/Frameworks",
					"$(inherited)",
				);
				INFOPLIST_FILE = 99RedBalloonsTests/Info.plist;
				LD_RUNPATH_SEARCH_PATHS = "$(inherited) @executable_path/Frameworks @loader_path/Frameworks";
				PRODUCT_NAME = "$(TARGET_NAME)";
				TEST_HOST = "$(BUILT_PRODUCTS_DIR)/99RedBalloons.app/99RedBalloons";
			};
			name = Release;
		};
/* End XCBuildConfiguration section */

/* Begin XCConfigurationList section */
		ECA12F771A01201400339073 /* Build configuration list for PBXProject "99RedBalloons" */ = {
			isa = XCConfigurationList;
			buildConfigurations = (
				ECA12F991A01201400339073 /* Debug */,
				ECA12F9A1A01201400339073 /* Release */,
			);
			defaultConfigurationIsVisible = 0;
			defaultConfigurationName = Release;
		};
		ECA12F9B1A01201400339073 /* Build configuration list for PBXNativeTarget "99RedBalloons" */ = {
			isa = XCConfigurationList;
			buildConfigurations = (
				ECA12F9C1A01201400339073 /* Debug */,
				ECA12F9D1A01201400339073 /* Release */,
			);
			defaultConfigurationIsVisible = 0;
		};
		ECA12F9E1A01201400339073 /* Build configuration list for PBXNativeTarget "99RedBalloonsTests" */ = {
			isa = XCConfigurationList;
			buildConfigurations = (
				ECA12F9F1A01201400339073 /* Debug */,
				ECA12FA01A01201400339073 /* Release */,
			);
			defaultConfigurationIsVisible = 0;
		};
/* End XCConfigurationList section */
	};
	rootObject = ECA12F741A01201400339073 /* Project object */;
}
